
Microsoft Visual Studio Solution File, Format Version 12.00
# Visual Studio Version 17
VisualStudioVersion = 17.14.36414.22 d17.14
MinimumVisualStudioVersion = 10.0.40219.1
Project("{FAE04EC0-301F-11D3-BF4B-00C04F79EFBC}") = "request", "request.csproj", "{5BC2C832-E580-4025-A44E-2399EF75B45F}"
EndProject
Global
	GlobalSection(SolutionConfigurationPlatforms) = preSolution
		Debug|Any CPU = Debug|Any CPU
		Release|Any CPU = Release|Any CPU
	EndGlobalSection
	GlobalSection(ProjectConfigurationPlatforms) = postSolution
		{5BC2C832-E580-4025-A44E-2399EF75B45F}.Debug|Any CPU.ActiveCfg = Debug|Any CPU
		{5BC2C832-E580-4025-A44E-2399EF75B45F}.Debug|Any CPU.Build.0 = Debug|Any CPU
		{5BC2C832-E580-4025-A44E-2399EF75B45F}.Release|Any CPU.ActiveCfg = Release|Any CPU
		{5BC2C832-E580-4025-A44E-2399EF75B45F}.Release|Any CPU.Build.0 = Release|Any CPU
	EndGlobalSection
	GlobalSection(SolutionProperties) = preSolution
		HideSolutionNode = FALSE
	EndGlobalSection
	GlobalSection(ExtensibilityGlobals) = postSolution
		SolutionGuid = {B883776E-4DE3-4B89-A594-EBB254360025}
	EndGlobalSection
EndGlobal
